
Microsoft Visual Studio Solution File, Format Version 12.00
# Visual Studio Version 16
VisualStudioVersion = 16.0.30309.148
MinimumVisualStudioVersion = 10.0.40219.1
Project("{9A19103F-16F7-4668-BE54-9A1E7A4F7556}") = "osu.Framework.Microphone", "osu.Framework.Microphone\osu.Framework.Microphone.csproj", "{D0F85C61-800A-4645-8633-AC59208FA732}"
EndProject
Project("{9A19103F-16F7-4668-BE54-9A1E7A4F7556}") = "osu.Framework.Microphone.Tests", "osu.Framework.Microphone.Tests\osu.Framework.Microphone.Tests.csproj", "{C567CF87-3AD0-4FF3-B839-4502D23FD4D1}"
EndProject
Project("{2150E333-8FDC-42A3-9474-1A3956D46DE8}") = "Solution Items", "Solution Items", "{D29A2153-C171-457E-A147-720976BA430F}"
	ProjectSection(SolutionItems) = preProject
		.editorconfig = .editorconfig
		Directory.Build.props = Directory.Build.props
		.config\dotnet-tools.json = .config\dotnet-tools.json
		global.json = global.json
		CodeAnalysis\osu-framework-microphone.ruleset = CodeAnalysis\osu-framework-microphone.ruleset
		osu-framework-microphone.sln.DotSettings = osu-framework-microphone.sln.DotSettings
		osu.Framework.Microphone.Android.props = osu.Framework.Microphone.Android.props
		osu.Framework.Microphone.iOS.props = osu.Framework.Microphone.iOS.props
	EndProjectSection
EndProject
Project("{FAE04EC0-301F-11D3-BF4B-00C04F79EFBC}") = "osu.Framework.Microphone.Tests.iOS", "osu.Framework.Microphone.Tests.iOS\osu.Framework.Microphone.Tests.iOS.csproj", "{D972753E-45FC-4B82-B017-34BDE485F1BB}"
EndProject
Project("{FAE04EC0-301F-11D3-BF4B-00C04F79EFBC}") = "osu.Framework.Microphone.Tests.Android", "osu.Framework.Microphone.Tests.Android\osu.Framework.Microphone.Tests.Android.csproj", "{320089C6-A141-4D3E-BD5F-C4A6CE9E567B}"
EndProject
Project("{FAE04EC0-301F-11D3-BF4B-00C04F79EFBC}") = "osu.Framework.Microphone.iOS", "osu.Framework.Microphone.iOS\osu.Framework.Microphone.iOS.csproj", "{431614F4-D662-4CBD-B6C2-3E0D79CA968B}"
EndProject
Project("{FAE04EC0-301F-11D3-BF4B-00C04F79EFBC}") = "osu.Framework.Microphone.Android", "osu.Framework.Microphone.Android\osu.Framework.Microphone.Android.csproj", "{4D112E30-462B-4264-B44D-53B61ABB185E}"
EndProject
Global
	GlobalSection(SolutionConfigurationPlatforms) = preSolution
		Debug|Any CPU = Debug|Any CPU
		Debug|iPhone = Debug|iPhone
		Debug|iPhoneSimulator = Debug|iPhoneSimulator
		Release|Any CPU = Release|Any CPU
		Release|iPhone = Release|iPhone
		Release|iPhoneSimulator = Release|iPhoneSimulator
	EndGlobalSection
	GlobalSection(ProjectConfigurationPlatforms) = postSolution
		{D0F85C61-800A-4645-8633-AC59208FA732}.Debug|Any CPU.ActiveCfg = Debug|Any CPU
		{D0F85C61-800A-4645-8633-AC59208FA732}.Debug|Any CPU.Build.0 = Debug|Any CPU
		{D0F85C61-800A-4645-8633-AC59208FA732}.Debug|iPhone.ActiveCfg = Debug|Any CPU
		{D0F85C61-800A-4645-8633-AC59208FA732}.Debug|iPhone.Build.0 = Debug|Any CPU
		{D0F85C61-800A-4645-8633-AC59208FA732}.Debug|iPhoneSimulator.ActiveCfg = Debug|Any CPU
		{D0F85C61-800A-4645-8633-AC59208FA732}.Debug|iPhoneSimulator.Build.0 = Debug|Any CPU
		{D0F85C61-800A-4645-8633-AC59208FA732}.Release|Any CPU.ActiveCfg = Release|Any CPU
		{D0F85C61-800A-4645-8633-AC59208FA732}.Release|Any CPU.Build.0 = Release|Any CPU
		{D0F85C61-800A-4645-8633-AC59208FA732}.Release|iPhone.ActiveCfg = Release|Any CPU
		{D0F85C61-800A-4645-8633-AC59208FA732}.Release|iPhone.Build.0 = Release|Any CPU
		{D0F85C61-800A-4645-8633-AC59208FA732}.Release|iPhoneSimulator.ActiveCfg = Release|Any CPU
		{D0F85C61-800A-4645-8633-AC59208FA732}.Release|iPhoneSimulator.Build.0 = Release|Any CPU
		{C567CF87-3AD0-4FF3-B839-4502D23FD4D1}.Debug|Any CPU.ActiveCfg = Debug|Any CPU
		{C567CF87-3AD0-4FF3-B839-4502D23FD4D1}.Debug|Any CPU.Build.0 = Debug|Any CPU
		{C567CF87-3AD0-4FF3-B839-4502D23FD4D1}.Debug|iPhone.ActiveCfg = Debug|Any CPU
		{C567CF87-3AD0-4FF3-B839-4502D23FD4D1}.Debug|iPhone.Build.0 = Debug|Any CPU
		{C567CF87-3AD0-4FF3-B839-4502D23FD4D1}.Debug|iPhoneSimulator.ActiveCfg = Debug|Any CPU
		{C567CF87-3AD0-4FF3-B839-4502D23FD4D1}.Debug|iPhoneSimulator.Build.0 = Debug|Any CPU
		{C567CF87-3AD0-4FF3-B839-4502D23FD4D1}.Release|Any CPU.ActiveCfg = Release|Any CPU
		{C567CF87-3AD0-4FF3-B839-4502D23FD4D1}.Release|Any CPU.Build.0 = Release|Any CPU
		{C567CF87-3AD0-4FF3-B839-4502D23FD4D1}.Release|iPhone.ActiveCfg = Release|Any CPU
		{C567CF87-3AD0-4FF3-B839-4502D23FD4D1}.Release|iPhone.Build.0 = Release|Any CPU
		{C567CF87-3AD0-4FF3-B839-4502D23FD4D1}.Release|iPhoneSimulator.ActiveCfg = Release|Any CPU
		{C567CF87-3AD0-4FF3-B839-4502D23FD4D1}.Release|iPhoneSimulator.Build.0 = Release|Any CPU
		{D972753E-45FC-4B82-B017-34BDE485F1BB}.Debug|Any CPU.ActiveCfg = Debug|iPhone
		{D972753E-45FC-4B82-B017-34BDE485F1BB}.Debug|iPhone.ActiveCfg = Debug|iPhone
		{D972753E-45FC-4B82-B017-34BDE485F1BB}.Debug|iPhone.Build.0 = Debug|iPhone
		{D972753E-45FC-4B82-B017-34BDE485F1BB}.Debug|iPhoneSimulator.ActiveCfg = Debug|iPhoneSimulator
		{D972753E-45FC-4B82-B017-34BDE485F1BB}.Debug|iPhoneSimulator.Build.0 = Debug|iPhoneSimulator
		{D972753E-45FC-4B82-B017-34BDE485F1BB}.Release|Any CPU.ActiveCfg = Release|iPhone
		{D972753E-45FC-4B82-B017-34BDE485F1BB}.Release|iPhone.ActiveCfg = Release|iPhone
		{D972753E-45FC-4B82-B017-34BDE485F1BB}.Release|iPhone.Build.0 = Release|iPhone
		{D972753E-45FC-4B82-B017-34BDE485F1BB}.Release|iPhoneSimulator.ActiveCfg = Release|iPhoneSimulator
		{D972753E-45FC-4B82-B017-34BDE485F1BB}.Release|iPhoneSimulator.Build.0 = Release|iPhoneSimulator
		{320089C6-A141-4D3E-BD5F-C4A6CE9E567B}.Debug|Any CPU.ActiveCfg = Debug|Any CPU
		{320089C6-A141-4D3E-BD5F-C4A6CE9E567B}.Debug|Any CPU.Build.0 = Debug|Any CPU
		{320089C6-A141-4D3E-BD5F-C4A6CE9E567B}.Debug|Any CPU.Deploy.0 = Debug|Any CPU
		{320089C6-A141-4D3E-BD5F-C4A6CE9E567B}.Debug|iPhone.ActiveCfg = Debug|Any CPU
		{320089C6-A141-4D3E-BD5F-C4A6CE9E567B}.Debug|iPhone.Build.0 = Debug|Any CPU
		{320089C6-A141-4D3E-BD5F-C4A6CE9E567B}.Debug|iPhone.Deploy.0 = Debug|Any CPU
		{320089C6-A141-4D3E-BD5F-C4A6CE9E567B}.Debug|iPhoneSimulator.ActiveCfg = Debug|Any CPU
		{320089C6-A141-4D3E-BD5F-C4A6CE9E567B}.Debug|iPhoneSimulator.Build.0 = Debug|Any CPU
		{320089C6-A141-4D3E-BD5F-C4A6CE9E567B}.Debug|iPhoneSimulator.Deploy.0 = Debug|Any CPU
		{320089C6-A141-4D3E-BD5F-C4A6CE9E567B}.Release|Any CPU.ActiveCfg = Release|Any CPU
		{320089C6-A141-4D3E-BD5F-C4A6CE9E567B}.Release|Any CPU.Build.0 = Release|Any CPU
		{320089C6-A141-4D3E-BD5F-C4A6CE9E567B}.Release|Any CPU.Deploy.0 = Release|Any CPU
		{320089C6-A141-4D3E-BD5F-C4A6CE9E567B}.Release|iPhone.ActiveCfg = Release|Any CPU
		{320089C6-A141-4D3E-BD5F-C4A6CE9E567B}.Release|iPhone.Build.0 = Release|Any CPU
		{320089C6-A141-4D3E-BD5F-C4A6CE9E567B}.Release|iPhone.Deploy.0 = Release|Any CPU
		{320089C6-A141-4D3E-BD5F-C4A6CE9E567B}.Release|iPhoneSimulator.ActiveCfg = Release|Any CPU
		{320089C6-A141-4D3E-BD5F-C4A6CE9E567B}.Release|iPhoneSimulator.Build.0 = Release|Any CPU
		{320089C6-A141-4D3E-BD5F-C4A6CE9E567B}.Release|iPhoneSimulator.Deploy.0 = Release|Any CPU
		{431614F4-D662-4CBD-B6C2-3E0D79CA968B}.Debug|Any CPU.ActiveCfg = Debug|Any CPU
		{431614F4-D662-4CBD-B6C2-3E0D79CA968B}.Debug|Any CPU.Build.0 = Debug|Any CPU
		{431614F4-D662-4CBD-B6C2-3E0D79CA968B}.Debug|iPhone.ActiveCfg = Debug|Any CPU
		{431614F4-D662-4CBD-B6C2-3E0D79CA968B}.Debug|iPhone.Build.0 = Debug|Any CPU
		{431614F4-D662-4CBD-B6C2-3E0D79CA968B}.Debug|iPhoneSimulator.ActiveCfg = Debug|Any CPU
		{431614F4-D662-4CBD-B6C2-3E0D79CA968B}.Debug|iPhoneSimulator.Build.0 = Debug|Any CPU
		{431614F4-D662-4CBD-B6C2-3E0D79CA968B}.Release|Any CPU.ActiveCfg = Release|Any CPU
		{431614F4-D662-4CBD-B6C2-3E0D79CA968B}.Release|Any CPU.Build.0 = Release|Any CPU
		{431614F4-D662-4CBD-B6C2-3E0D79CA968B}.Release|iPhone.ActiveCfg = Release|Any CPU
		{431614F4-D662-4CBD-B6C2-3E0D79CA968B}.Release|iPhone.Build.0 = Release|Any CPU
		{431614F4-D662-4CBD-B6C2-3E0D79CA968B}.Release|iPhoneSimulator.ActiveCfg = Release|Any CPU
		{431614F4-D662-4CBD-B6C2-3E0D79CA968B}.Release|iPhoneSimulator.Build.0 = Release|Any CPU
	EndGlobalSection
	GlobalSection(SolutionProperties) = preSolution
		HideSolutionNode = FALSE
	EndGlobalSection
	GlobalSection(ExtensibilityGlobals) = postSolution
		SolutionGuid = {ADBBAB82-E0E1-4292-A023-F5E904EA052B}
	EndGlobalSection
EndGlobal
